// !$*UTF8*$!
{
	archiveVersion = 1;
	classes = {
	};
	objectVersion = 46;
	objects = {

/* Begin PBXBuildFile section */
		D80D1AA01E5214E8007235BE /* AppDelegate.swift in Sources */ = {isa = PBXBuildFile; fileRef = D80D1A9F1E5214E8007235BE /* AppDelegate.swift */; };
		D80D1AA21E5214E8007235BE /* ViewController.swift in Sources */ = {isa = PBXBuildFile; fileRef = D80D1AA11E5214E8007235BE /* ViewController.swift */; };
		D80D1AA51E5214E8007235BE /* Main.storyboard in Resources */ = {isa = PBXBuildFile; fileRef = D80D1AA31E5214E8007235BE /* Main.storyboard */; };
		D80D1AA71E5214E8007235BE /* Assets.xcassets in Resources */ = {isa = PBXBuildFile; fileRef = D80D1AA61E5214E8007235BE /* Assets.xcassets */; };
		D80D1AAA1E5214E8007235BE /* LaunchScreen.storyboard in Resources */ = {isa = PBXBuildFile; fileRef = D80D1AA81E5214E8007235BE /* LaunchScreen.storyboard */; };
/* End PBXBuildFile section */

/* Begin PBXFileReference section */
		D80D1A9C1E5214E8007235BE /* SocialShare.app */ = {isa = PBXFileReference; explicitFileType = wrapper.application; includeInIndex = 0; path = SocialShare.app; sourceTree = BUILT_PRODUCTS_DIR; };
		D80D1A9F1E5214E8007235BE /* AppDelegate.swift */ = {isa = PBXFileReference; lastKnownFileType = sourcecode.swift; path = AppDelegate.swift; sourceTree = "<group>"; };
		D80D1AA11E5214E8007235BE /* ViewController.swift */ = {isa = PBXFileReference; lastKnownFileType = sourcecode.swift; path = ViewController.swift; sourceTree = "<group>"; };
		D80D1AA41E5214E8007235BE /* Base */ = {isa = PBXFileReference; lastKnownFileType = file.storyboard; name = Base; path = Base.lproj/Main.storyboard; sourceTree = "<group>"; };
		D80D1AA61E5214E8007235BE /* Assets.xcassets */ = {isa = PBXFileReference; lastKnownFileType = folder.assetcatalog; path = Assets.xcassets; sourceTree = "<group>"; };
		D80D1AA91E5214E8007235BE /* Base */ = {isa = PBXFileReference; lastKnownFileType = file.storyboard; name = Base; path = Base.lproj/LaunchScreen.storyboard; sourceTree = "<group>"; };
		D80D1AAB1E5214E8007235BE /* Info.plist */ = {isa = PBXFileReference; lastKnownFileType = text.plist.xml; path = Info.plist; sourceTree = "<group>"; };
/* End PBXFileReference section */

/* Begin PBXFrameworksBuildPhase section */
		D80D1A991E5214E7007235BE /* Frameworks */ = {
			isa = PBXFrameworksBuildPhase;
			buildActionMask = 2147483647;
			files = (
			);
			runOnlyForDeploymentPostprocessing = 0;
		};
/* End PBXFrameworksBuildPhase section */

/* Begin PBXGroup section */
		D80D1A931E5214E7007235BE = {
			isa = PBXGroup;
			children = (
				D80D1A9E1E5214E8007235BE /* SocialShare */,
				D80D1A9D1E5214E8007235BE /* Products */,
			);
			sourceTree = "<group>";
		};
		D80D1A9D1E5214E8007235BE /* Products */ = {
			isa = PBXGroup;
			children = (
				D80D1A9C1E5214E8007235BE /* SocialShare.app */,
			);
			name = Products;
			sourceTree = "<group>";
		};
		D80D1A9E1E5214E8007235BE /* SocialShare */ = {
			isa = PBXGroup;
			children = (
				D80D1A9F1E5214E8007235BE /* AppDelegate.swift */,
				D80D1AA11E5214E8007235BE /* ViewController.swift */,
				D80D1AA31E5214E8007235BE /* Main.storyboard */,
				D80D1AA61E5214E8007235BE /* Assets.xcassets */,
				D80D1AA81E5214E8007235BE /* LaunchScreen.storyboard */,
				D80D1AAB1E5214E8007235BE /* Info.plist */,
			);
			path = SocialShare;
			sourceTree = "<group>";
		};
/* End PBXGroup section */

/* Begin PBXNativeTarget section */
		D80D1A9B1E5214E7007235BE /* SocialShare */ = {
			isa = PBXNativeTarget;
			buildConfigurationList = D80D1AAE1E5214E8007235BE /* Build configuration list for PBXNativeTarget "SocialShare" */;
			buildPhases = (
				D80D1A981E5214E7007235BE /* Sources */,
				D80D1A991E5214E7007235BE /* Frameworks */,
				D80D1A9A1E5214E7007235BE /* Resources */,
			);
			buildRules = (
			);
			dependencies = (
			);
			name = SocialShare;
			productName = SocialShare;
			productReference = D80D1A9C1E5214E8007235BE /* SocialShare.app */;
			productType = "com.apple.product-type.application";
		};
/* End PBXNativeTarget section */

/* Begin PBXProject section */
		D80D1A941E5214E7007235BE /* Project object */ = {
			isa = PBXProject;
			attributes = {
				LastSwiftUpdateCheck = 0820;
				LastUpgradeCheck = 0820;
				ORGANIZATIONNAME = "Joseph Kim";
				TargetAttributes = {
					D80D1A9B1E5214E7007235BE = {
						CreatedOnToolsVersion = 8.2.1;
						DevelopmentTeam = C23R6NMUVD;
						ProvisioningStyle = Automatic;
					};
				};
			};
			buildConfigurationList = D80D1A971E5214E7007235BE /* Build configuration list for PBXProject "SocialShare" */;
			compatibilityVersion = "Xcode 3.2";
			developmentRegion = English;
			hasScannedForEncodings = 0;
			knownRegions = (
				en,
				Base,
			);
			mainGroup = D80D1A931E5214E7007235BE;
			productRefGroup = D80D1A9D1E5214E8007235BE /* Products */;
			projectDirPath = "";
			projectRoot = "";
			targets = (
				D80D1A9B1E5214E7007235BE /* SocialShare */,
			);
		};
/* End PBXProject section */

/* Begin PBXResourcesBuildPhase section */
		D80D1A9A1E5214E7007235BE /* Resources */ = {
			isa = PBXResourcesBuildPhase;
			buildActionMask = 2147483647;
			files = (
				D80D1AAA1E5214E8007235BE /* LaunchScreen.storyboard in Resources */,
				D80D1AA71E5214E8007235BE /* Assets.xcassets in Resources */,
				D80D1AA51E5214E8007235BE /* Main.storyboard in Resources */,
			);
			runOnlyForDeploymentPostprocessing = 0;
		};
/* End PBXResourcesBuildPhase section */

/* Begin PBXSourcesBuildPhase section */
		D80D1A981E5214E7007235BE /* Sources */ = {
			isa = PBXSourcesBuildPhase;
			buildActionMask = 2147483647;
			files = (
				D80D1AA21E5214E8007235BE /* ViewController.swift in Sources */,
				D80D1AA01E5214E8007235BE /* AppDelegate.swift in Sources */,
			);
			runOnlyForDeploymentPostprocessing = 0;
		};
/* End PBXSourcesBuildPhase section */

/* Begin PBXVariantGroup section */
		D80D1AA31E5214E8007235BE /* Main.storyboard */ = {
			isa = PBXVariantGroup;
			children = (
				D80D1AA41E5214E8007235BE /* Base */,
			);
			name = Main.storyboard;
			sourceTree = "<group>";
		};
		D80D1AA81E5214E8007235BE /* LaunchScreen.storyboard */ = {
			isa = PBXVariantGroup;
			children = (
				D80D1AA91E5214E8007235BE /* Base */,
			);
			name = LaunchScreen.storyboard;
			sourceTree = "<group>";
		};
/* End PBXVariantGroup section */

/* Begin XCBuildConfiguration section */
		D80D1AAC1E5214E8007235BE /* Debug */ = {
			isa = XCBuildConfiguration;
			buildSettings = {
				ALWAYS_SEARCH_USER_PATHS = NO;
				CLANG_ANALYZER_NONNULL = YES;
				CLANG_CXX_LANGUAGE_STANDARD = "gnu++0x";
				CLANG_CXX_LIBRARY = "libc++";
				CLANG_ENABLE_MODULES = YES;
				CLANG_ENABLE_OBJC_ARC = YES;
				CLANG_WARN_BOOL_CONVERSION = YES;
				CLANG_WARN_CONSTANT_CONVERSION = YES;
				CLANG_WARN_DIRECT_OBJC_ISA_USAGE = YES_ERROR;
				CLANG_WARN_DOCUMENTATION_COMMENTS = YES;
				CLANG_WARN_EMPTY_BODY = YES;
				CLANG_WARN_ENUM_CONVERSION = YES;
				CLANG_WARN_INFINITE_RECURSION = YES;
				CLANG_WARN_INT_CONVERSION = YES;
				CLANG_WARN_OBJC_ROOT_CLASS = YES_ERROR;
				CLANG_WARN_SUSPICIOUS_MOVE = YES;
				CLANG_WARN_UNREACHABLE_CODE = YES;
				CLANG_WARN__DUPLICATE_METHOD_MATCH = YES;
				"CODE_SIGN_IDENTITY[sdk=iphoneos*]" = "iPhone Developer";
				COPY_PHASE_STRIP = NO;
				DEBUG_INFORMATION_FORMAT = dwarf;
				ENABLE_STRICT_OBJC_MSGSEND = YES;
				ENABLE_TESTABILITY = YES;
				GCC_C_LANGUAGE_STANDARD = gnu99;
				GCC_DYNAMIC_NO_PIC = NO;
				GCC_NO_COMMON_BLOCKS = YES;
				GCC_OPTIMIZATION_LEVEL = 0;
				GCC_PREPROCESSOR_DEFINITIONS = (
					"DEBUG=1",
					"$(inherited)",
				);
				GCC_WARN_64_TO_32_BIT_CONVERSION = YES;
				GCC_WARN_ABOUT_RETURN_TYPE = YES_ERROR;
				GCC_WARN_UNDECLARED_SELECTOR = YES;
				GCC_WARN_UNINITIALIZED_AUTOS = YES_AGGRESSIVE;
				GCC_WARN_UNUSED_FUNCTION = YES;
				GCC_WARN_UNUSED_VARIABLE = YES;
				IPHONEOS_DEPLOYMENT_TARGET = 10.2;
				MTL_ENABLE_DEBUG_INFO = YES;
				ONLY_ACTIVE_ARCH = YES;
				SDKROOT = iphoneos;
				SWIFT_ACTIVE_COMPILATION_CONDITIONS = DEBUG;
				SWIFT_OPTIMIZATION_LEVEL = "-Onone";
				TARGETED_DEVICE_FAMILY = "1,2";
			};
			name = Debug;
		};
		D80D1AAD1E5214E8007235BE /* Release */ = {
			isa = XCBuildConfiguration;
			buildSettings = {
				ALWAYS_SEARCH_USER_PATHS = NO;
				CLANG_ANALYZER_NONNULL = YES;
				CLANG_CXX_LANGUAGE_STANDARD = "gnu++0x";
				CLANG_CXX_LIBRARY = "libc++";
				CLANG_ENABLE_MODULES = YES;
				CLANG_ENABLE_OBJC_ARC = YES;
				CLANG_WARN_BOOL_CONVERSION = YES;
				CLANG_WARN_CONSTANT_CONVERSION = YES;
				CLANG_WARN_DIRECT_OBJC_ISA_USAGE = YES_ERROR;
				CLANG_WARN_DOCUMENTATION_COMMENTS = YES;
				CLANG_WARN_EMPTY_BODY = YES;
				CLANG_WARN_ENUM_CONVERSION = YES;
				CLANG_WARN_INFINITE_RECURSION = YES;
				CLANG_WARN_INT_CONVERSION = YES;
				CLANG_WARN_OBJC_ROOT_CLASS = YES_ERROR;
				CLANG_WARN_SUSPICIOUS_MOVE = YES;
				CLANG_WARN_UNREACHABLE_CODE = YES;
				CLANG_WARN__DUPLICATE_METHOD_MATCH = YES;
				"CODE_SIGN_IDENTITY[sdk=iphoneos*]" = "iPhone Developer";
				COPY_PHASE_STRIP = NO;
				DEBUG_INFORMATION_FORMAT = "dwarf-with-dsym";
				ENABLE_NS_ASSERTIONS = NO;
				ENABLE_STRICT_OBJC_MSGSEND = YES;
				GCC_C_LANGUAGE_STANDARD = gnu99;
				GCC_NO_COMMON_BLOCKS = YES;
				GCC_WARN_64_TO_32_BIT_CONVERSION = YES;
				GCC_WARN_ABOUT_RETURN_TYPE = YES_ERROR;
				GCC_WARN_UNDECLARED_SELECTOR = YES;
				GCC_WARN_UNINITIALIZED_AUTOS = YES_AGGRESSIVE;
				GCC_WARN_UNUSED_FUNCTION = YES;
				GCC_WARN_UNUSED_VARIABLE = YES;
				IPHONEOS_DEPLOYMENT_TARGET = 10.2;
				MTL_ENABLE_DEBUG_INFO = NO;
				SDKROOT = iphoneos;
				SWIFT_OPTIMIZATION_LEVEL = "-Owholemodule";
				TARGETED_DEVICE_FAMILY = "1,2";
				VALIDATE_PRODUCT = YES;
			};
			name = Release;
		};
		D80D1AAF1E5214E8007235BE /* Debug */ = {
			isa = XCBuildConfiguration;
			buildSettings = {
				ASSETCATALOG_COMPILER_APPICON_NAME = AppIcon;
				DEVELOPMENT_TEAM = C23R6NMUVD;
				INFOPLIST_FILE = SocialShare/Info.plist;
				LD_RUNPATH_SEARCH_PATHS = "$(inherited) @executable_path/Frameworks";
				PRODUCT_BUNDLE_IDENTIFIER = com.codejk.SocialShare;
				PRODUCT_NAME = "$(TARGET_NAME)";
				SWIFT_VERSION = 3.0;
			};
			name = Debug;
		};
		D80D1AB01E5214E8007235BE /* Release */ = {
			isa = XCBuildConfiguration;
			buildSettings = {
				ASSETCATALOG_COMPILER_APPICON_NAME = AppIcon;
				DEVELOPMENT_TEAM = C23R6NMUVD;
				INFOPLIST_FILE = SocialShare/Info.plist;
				LD_RUNPATH_SEARCH_PATHS = "$(inherited) @executable_path/Frameworks";
				PRODUCT_BUNDLE_IDENTIFIER = com.codejk.SocialShare;
				PRODUCT_NAME = "$(TARGET_NAME)";
				SWIFT_VERSION = 3.0;
			};
			name = Release;
		};
/* End XCBuildConfiguration section */

/* Begin XCConfigurationList section */
		D80D1A971E5214E7007235BE /* Build configuration list for PBXProject "SocialShare" */ = {
			isa = XCConfigurationList;
			buildConfigurations = (
				D80D1AAC1E5214E8007235BE /* Debug */,
				D80D1AAD1E5214E8007235BE /* Release */,
			);
			defaultConfigurationIsVisible = 0;
			defaultConfigurationName = Release;
		};
		D80D1AAE1E5214E8007235BE /* Build configuration list for PBXNativeTarget "SocialShare" */ = {
			isa = XCConfigurationList;
			buildConfigurations = (
				D80D1AAF1E5214E8007235BE /* Debug */,
				D80D1AB01E5214E8007235BE /* Release */,
			);
			defaultConfigurationIsVisible = 0;
		};
/* End XCConfigurationList section */
	};
	rootObject = D80D1A941E5214E7007235BE /* Project object */;
}
